PODS:
  - blemulator (1.1.1):
    - Flutter
    - MultiplatformBleAdapter (~> 0.1.5)
  - Flutter (1.0.0)
  - flutter_ble_lib (2.2.5):
    - Flutter
    - MultiplatformBleAdapter (~> 0.1.6)
  - MultiplatformBleAdapter (0.1.6)

DEPENDENCIES:
  - blemulator (from `.symlinks/plugins/blemulator/ios`)
  - Flutter (from `Flutter`)
  - flutter_ble_lib (from `.symlinks/plugins/flutter_ble_lib/ios`)

SPEC REPOS:
  trunk:
    - MultiplatformBleAdapter

EXTERNAL SOURCES:
  blemulator:
    :path: ".symlinks/plugins/blemulator/ios"
  Flutter:
    :path: Flutter
  flutter_ble_lib:
    :path: ".symlinks/plugins/flutter_ble_lib/ios"

SPEC CHECKSUMS:
  blemulator: aedfaa5a8b8e5197e953cea4a59129e550fe6258
  Flutter: 0e3d915762c693b495b44d77113d4970485de6ec
  flutter_ble_lib: 8c0d034afb485b631d1409182c387555576c2332
  MultiplatformBleAdapter: 652f47ecd7f5036756517cf66833210709a72eab

PODFILE CHECKSUM: c34e2287a9ccaa606aeceab922830efb9a6ff69a

COCOAPODS: 1.8.4
